
Microsoft Visual Studio Solution File, Format Version 12.00
# Visual Studio Version 17
VisualStudioVersion = 17.14.36429.23 d17.14
MinimumVisualStudioVersion = 10.0.40219.1
Project("{FAE04EC0-301F-11D3-BF4B-00C04F79EFBC}") = "University.API", "University.API\University.API.csproj", "{9EA687AE-3DF2-4496-AA41-7E87EEE4CC99}"
EndProject
Project("{FAE04EC0-301F-11D3-BF4B-00C04F79EFBC}") = "University.Core", "University.Core\University.Core.csproj", "{EA634CED-9F9B-4818-A714-53AB0C216723}"
EndProject
Project("{FAE04EC0-301F-11D3-BF4B-00C04F79EFBC}") = "University.Data", "University.Data\University.Data.csproj", "{5BDB04A3-F51A-45D8-BA8E-4F26ECD025F4}"
EndProject
Global
	GlobalSection(SolutionConfigurationPlatforms) = preSolution
		Debug|Any CPU = Debug|Any CPU
		Release|Any CPU = Release|Any CPU
	EndGlobalSection
	GlobalSection(ProjectConfigurationPlatforms) = postSolution
		{9EA687AE-3DF2-4496-AA41-7E87EEE4CC99}.Debug|Any CPU.ActiveCfg = Debug|Any CPU
		{9EA687AE-3DF2-4496-AA41-7E87EEE4CC99}.Debug|Any CPU.Build.0 = Debug|Any CPU
		{9EA687AE-3DF2-4496-AA41-7E87EEE4CC99}.Release|Any CPU.ActiveCfg = Release|Any CPU
		{9EA687AE-3DF2-4496-AA41-7E87EEE4CC99}.Release|Any CPU.Build.0 = Release|Any CPU
		{EA634CED-9F9B-4818-A714-53AB0C216723}.Debug|Any CPU.ActiveCfg = Debug|Any CPU
		{EA634CED-9F9B-4818-A714-53AB0C216723}.Debug|Any CPU.Build.0 = Debug|Any CPU
		{EA634CED-9F9B-4818-A714-53AB0C216723}.Release|Any CPU.ActiveCfg = Release|Any CPU
		{EA634CED-9F9B-4818-A714-53AB0C216723}.Release|Any CPU.Build.0 = Release|Any CPU
		{5BDB04A3-F51A-45D8-BA8E-4F26ECD025F4}.Debug|Any CPU.ActiveCfg = Debug|Any CPU
		{5BDB04A3-F51A-45D8-BA8E-4F26ECD025F4}.Debug|Any CPU.Build.0 = Debug|Any CPU
		{5BDB04A3-F51A-45D8-BA8E-4F26ECD025F4}.Release|Any CPU.ActiveCfg = Release|Any CPU
		{5BDB04A3-F51A-45D8-BA8E-4F26ECD025F4}.Release|Any CPU.Build.0 = Release|Any CPU
	EndGlobalSection
	GlobalSection(SolutionProperties) = preSolution
		HideSolutionNode = FALSE
	EndGlobalSection
	GlobalSection(ExtensibilityGlobals) = postSolution
		SolutionGuid = {75803F90-F72F-410C-BA23-A71F2FEC7EE8}
	EndGlobalSection
EndGlobal
